
Microsoft Visual Studio Solution File, Format Version 12.00
# Visual Studio 2013
VisualStudioVersion = 12.0.21005.1
MinimumVisualStudioVersion = 10.0.40219.1
Project("{FAE04EC0-301F-11D3-BF4B-00C04F79EFBC}") = "DoCoolStuff", "DoCoolStuff\DoCoolStuff.csproj", "{EC7294C8-7044-4B40-B780-4BF9C4B01B3B}"
EndProject
Global
	GlobalSection(SolutionConfigurationPlatforms) = preSolution
		Debug|Any CPU = Debug|Any CPU
		Release|Any CPU = Release|Any CPU
	EndGlobalSection
	GlobalSection(ProjectConfigurationPlatforms) = postSolution
		{EC7294C8-7044-4B40-B780-4BF9C4B01B3B}.Debug|Any CPU.ActiveCfg = Debug|Any CPU
		{EC7294C8-7044-4B40-B780-4BF9C4B01B3B}.Debug|Any CPU.Build.0 = Debug|Any CPU
		{EC7294C8-7044-4B40-B780-4BF9C4B01B3B}.Release|Any CPU.ActiveCfg = Release|Any CPU
		{EC7294C8-7044-4B40-B780-4BF9C4B01B3B}.Release|Any CPU.Build.0 = Release|Any CPU
	EndGlobalSection
	GlobalSection(SolutionProperties) = preSolution
		HideSolutionNode = FALSE
	EndGlobalSection
EndGlobal
